
Microsoft Visual Studio Solution File, Format Version 12.00
# Visual Studio Version 17
VisualStudioVersion = 17.10.35013.160
MinimumVisualStudioVersion = 10.0.40219.1
Project("{FAE04EC0-301F-11D3-BF4B-00C04F79EFBC}") = "CapaDatos", "CapaDatos\CapaDatos.csproj", "{FC6F3052-1BAC-49BC-87DA-435922725ADB}"
EndProject
Project("{FAE04EC0-301F-11D3-BF4B-00C04F79EFBC}") = "CapaNegocio", "CapaNegocio\CapaNegocio.csproj", "{76A12F9D-E40D-4889-855F-02DA665E17D4}"
EndProject
Project("{FAE04EC0-301F-11D3-BF4B-00C04F79EFBC}") = "CapaPresentacion", "CapaPresentacion\CapaPresentacion.csproj", "{5F6775AE-1854-4E3C-93A7-EF027F6E5620}"
EndProject
Global
	GlobalSection(SolutionConfigurationPlatforms) = preSolution
		Debug|Any CPU = Debug|Any CPU
		Release|Any CPU = Release|Any CPU
	EndGlobalSection
	GlobalSection(ProjectConfigurationPlatforms) = postSolution
		{FC6F3052-1BAC-49BC-87DA-435922725ADB}.Debug|Any CPU.ActiveCfg = Debug|Any CPU
		{FC6F3052-1BAC-49BC-87DA-435922725ADB}.Debug|Any CPU.Build.0 = Debug|Any CPU
		{FC6F3052-1BAC-49BC-87DA-435922725ADB}.Release|Any CPU.ActiveCfg = Release|Any CPU
		{FC6F3052-1BAC-49BC-87DA-435922725ADB}.Release|Any CPU.Build.0 = Release|Any CPU
		{76A12F9D-E40D-4889-855F-02DA665E17D4}.Debug|Any CPU.ActiveCfg = Debug|Any CPU
		{76A12F9D-E40D-4889-855F-02DA665E17D4}.Debug|Any CPU.Build.0 = Debug|Any CPU
		{76A12F9D-E40D-4889-855F-02DA665E17D4}.Release|Any CPU.ActiveCfg = Release|Any CPU
		{76A12F9D-E40D-4889-855F-02DA665E17D4}.Release|Any CPU.Build.0 = Release|Any CPU
		{5F6775AE-1854-4E3C-93A7-EF027F6E5620}.Debug|Any CPU.ActiveCfg = Debug|Any CPU
		{5F6775AE-1854-4E3C-93A7-EF027F6E5620}.Debug|Any CPU.Build.0 = Debug|Any CPU
		{5F6775AE-1854-4E3C-93A7-EF027F6E5620}.Release|Any CPU.ActiveCfg = Release|Any CPU
		{5F6775AE-1854-4E3C-93A7-EF027F6E5620}.Release|Any CPU.Build.0 = Release|Any CPU
	EndGlobalSection
	GlobalSection(SolutionProperties) = preSolution
		HideSolutionNode = FALSE
	EndGlobalSection
	GlobalSection(ExtensibilityGlobals) = postSolution
		SolutionGuid = {275BD54F-7C46-44D5-87E9-88755F64B3C0}
	EndGlobalSection
EndGlobal
